{
  "object": {
    "pins": [
      {
        "package": "SwiftCoAP",
        "repositoryURL": "https://github.com/namiai/SwiftCoAP",
        "state": {
          "branch": "swift_pm",
          "revision": "80aae956b16fbfdb301500831ec2a088f14e5bc9",
          "version": null
        }
      }
    ]
  },
  "version": 1
}
