{
  "object": {
    "pins": [
      {
        "package": "SwiftCoAP",
        "repositoryURL": "https://github.com/namiai/SwiftCoAP",
        "state": {
          "branch": "swift_pm",
          "revision": "f0ae73ebdf96d61c2cb0bec9278b447ced6beaef",
          "version": null
        }
      }
    ]
  },
  "version": 1
}
