{
  "object": {
    "pins": [
      {
        "package": "SwiftCoAP",
        "repositoryURL": "https://github.com/namiai/SwiftCoAP",
        "state": {
          "branch": "swift_pm",
          "revision": "3893f4c67bdc4b69e8969c451747c5b7af2f05a6",
          "version": null
        }
      }
    ]
  },
  "version": 1
}
